
Microsoft Visual Studio Solution File, Format Version 12.00
# Visual Studio Version 17
VisualStudioVersion = 17.11.35312.102
MinimumVisualStudioVersion = 10.0.40219.1
Project("{2150E333-8FDC-42A3-9474-1A3956D46DE8}") = "src", "src", "{BBDE605E-8D4D-4FF9-BC8C-AAA7E2520CF4}"
EndProject
Project("{9A19103F-16F7-4668-BE54-9A1E7A4F7556}") = "Dcode.CisorFE", "src\Dcode.CisorFE\Dcode.CisorFE.csproj", "{C2CF0093-8149-43C6-876D-973E41506F69}"
EndProject
Project("{9A19103F-16F7-4668-BE54-9A1E7A4F7556}") = "Dcode.CisorFE.Client", "src\Dcode.CisorFE.Client\Dcode.CisorFE.Client.csproj", "{D086B6DC-BFB9-48AE-83BC-B84D5F09D979}"
EndProject
Project("{2150E333-8FDC-42A3-9474-1A3956D46DE8}") = "Web", "Web", "{B36E0981-02DA-4DF1-A623-292426C77552}"
EndProject
Project("{2150E333-8FDC-42A3-9474-1A3956D46DE8}") = "Common", "Common", "{E052AFED-A718-4F03-8554-2C5886FFDE9F}"
EndProject
Project("{2150E333-8FDC-42A3-9474-1A3956D46DE8}") = "Core", "Core", "{6F98AF0D-4A54-40E0-AA0B-CE716C574574}"
EndProject
Project("{2150E333-8FDC-42A3-9474-1A3956D46DE8}") = "Infrastructure", "Infrastructure", "{776B2FD3-3F9E-44F7-82EC-7899C3CF5E9E}"
EndProject
Global
	GlobalSection(SolutionConfigurationPlatforms) = preSolution
		Debug|Any CPU = Debug|Any CPU
		Release|Any CPU = Release|Any CPU
	EndGlobalSection
	GlobalSection(ProjectConfigurationPlatforms) = postSolution
		{C2CF0093-8149-43C6-876D-973E41506F69}.Debug|Any CPU.ActiveCfg = Debug|Any CPU
		{C2CF0093-8149-43C6-876D-973E41506F69}.Debug|Any CPU.Build.0 = Debug|Any CPU
		{C2CF0093-8149-43C6-876D-973E41506F69}.Release|Any CPU.ActiveCfg = Release|Any CPU
		{C2CF0093-8149-43C6-876D-973E41506F69}.Release|Any CPU.Build.0 = Release|Any CPU
		{D086B6DC-BFB9-48AE-83BC-B84D5F09D979}.Debug|Any CPU.ActiveCfg = Debug|Any CPU
		{D086B6DC-BFB9-48AE-83BC-B84D5F09D979}.Debug|Any CPU.Build.0 = Debug|Any CPU
		{D086B6DC-BFB9-48AE-83BC-B84D5F09D979}.Release|Any CPU.ActiveCfg = Release|Any CPU
		{D086B6DC-BFB9-48AE-83BC-B84D5F09D979}.Release|Any CPU.Build.0 = Release|Any CPU
	EndGlobalSection
	GlobalSection(SolutionProperties) = preSolution
		HideSolutionNode = FALSE
	EndGlobalSection
	GlobalSection(NestedProjects) = preSolution
		{C2CF0093-8149-43C6-876D-973E41506F69} = {B36E0981-02DA-4DF1-A623-292426C77552}
		{D086B6DC-BFB9-48AE-83BC-B84D5F09D979} = {B36E0981-02DA-4DF1-A623-292426C77552}
		{B36E0981-02DA-4DF1-A623-292426C77552} = {BBDE605E-8D4D-4FF9-BC8C-AAA7E2520CF4}
		{E052AFED-A718-4F03-8554-2C5886FFDE9F} = {BBDE605E-8D4D-4FF9-BC8C-AAA7E2520CF4}
		{6F98AF0D-4A54-40E0-AA0B-CE716C574574} = {BBDE605E-8D4D-4FF9-BC8C-AAA7E2520CF4}
		{776B2FD3-3F9E-44F7-82EC-7899C3CF5E9E} = {BBDE605E-8D4D-4FF9-BC8C-AAA7E2520CF4}
	EndGlobalSection
	GlobalSection(ExtensibilityGlobals) = postSolution
		SolutionGuid = {EA939246-511F-4490-9E49-1ED7421BEE54}
	EndGlobalSection
EndGlobal
